Microsoft Visual Studio Solution File, Format Version 12.00
# Visual Studio Version 17
VisualStudioVersion = 17.5.2.0
MinimumVisualStudioVersion = 10.0.40219.1
Project("{FAE04EC0-301F-11D3-BF4B-00C04F79EFBC}") = "MyMageArenaMod", "MyMageArenaMod.csproj", "{A663807F-3BBF-CF69-3FF4-C82A53879727}"
EndProject
Global
	GlobalSection(SolutionConfigurationPlatforms) = preSolution
		Debug|Any CPU = Debug|Any CPU
		Release|Any CPU = Release|Any CPU
	EndGlobalSection
	GlobalSection(ProjectConfigurationPlatforms) = postSolution
		{A663807F-3BBF-CF69-3FF4-C82A53879727}.Debug|Any CPU.ActiveCfg = Debug|Any CPU
		{A663807F-3BBF-CF69-3FF4-C82A53879727}.Debug|Any CPU.Build.0 = Debug|Any CPU
		{A663807F-3BBF-CF69-3FF4-C82A53879727}.Release|Any CPU.ActiveCfg = Release|Any CPU
		{A663807F-3BBF-CF69-3FF4-C82A53879727}.Release|Any CPU.Build.0 = Release|Any CPU
	EndGlobalSection
	GlobalSection(SolutionProperties) = preSolution
		HideSolutionNode = FALSE
	EndGlobalSection
	GlobalSection(ExtensibilityGlobals) = postSolution
		SolutionGuid = {06ED7D9C-43DF-46C1-BB58-AB4626C6B470}
	EndGlobalSection
EndGlobal
